
Microsoft Visual Studio Solution File, Format Version 12.00
# Visual Studio Version 17
VisualStudioVersion = 17.8.34316.72
MinimumVisualStudioVersion = 10.0.40219.1
Project("{9A19103F-16F7-4668-BE54-9A1E7A4F7556}") = "UnitTestProject.Web", "UnitTestProject.Web\UnitTestProject.Web.csproj", "{4D3B2DCA-1359-43E6-A231-5EF529042E66}"
EndProject
Project("{FAE04EC0-301F-11D3-BF4B-00C04F79EFBC}") = "UnitTestProject.Test", "UnitTestProject.Test\UnitTestProject.Test.csproj", "{A0FC4EAD-C428-4CCC-A7D6-77A3CC56C497}"
EndProject
Global
	GlobalSection(SolutionConfigurationPlatforms) = preSolution
		Debug|Any CPU = Debug|Any CPU
		Release|Any CPU = Release|Any CPU
	EndGlobalSection
	GlobalSection(ProjectConfigurationPlatforms) = postSolution
		{4D3B2DCA-1359-43E6-A231-5EF529042E66}.Debug|Any CPU.ActiveCfg = Debug|Any CPU
		{4D3B2DCA-1359-43E6-A231-5EF529042E66}.Debug|Any CPU.Build.0 = Debug|Any CPU
		{4D3B2DCA-1359-43E6-A231-5EF529042E66}.Release|Any CPU.ActiveCfg = Release|Any CPU
		{4D3B2DCA-1359-43E6-A231-5EF529042E66}.Release|Any CPU.Build.0 = Release|Any CPU
		{A0FC4EAD-C428-4CCC-A7D6-77A3CC56C497}.Debug|Any CPU.ActiveCfg = Debug|Any CPU
		{A0FC4EAD-C428-4CCC-A7D6-77A3CC56C497}.Debug|Any CPU.Build.0 = Debug|Any CPU
		{A0FC4EAD-C428-4CCC-A7D6-77A3CC56C497}.Release|Any CPU.ActiveCfg = Release|Any CPU
		{A0FC4EAD-C428-4CCC-A7D6-77A3CC56C497}.Release|Any CPU.Build.0 = Release|Any CPU
	EndGlobalSection
	GlobalSection(SolutionProperties) = preSolution
		HideSolutionNode = FALSE
	EndGlobalSection
	GlobalSection(ExtensibilityGlobals) = postSolution
		SolutionGuid = {037689B6-C712-4317-96C9-DCFEC96D556A}
	EndGlobalSection
EndGlobal
